---
- name: "[ SSH UNLOCK ]"
  hosts: all
  gather_facts: false

  vars:
    home: "{{ lookup('env', 'HOME') }}"
    ssh_config: "{{ home }}/.ssh/config"
    ssh_agent_service: "{{ systemd_user_dir }}/ssh-agent.service"
    ssh_add_desktop_filename: ssh-add.desktop
    ssh_add_desktop_path: "{{ home }}/.local/share/applications/{{ ssh_add_desktop_filename }}"
    ssh_autostart_entry: "{{ home }}/.config/autostart/{{ ssh_add_desktop_filename }}"
    systemd_user_envvars: "{{ home }}/.config/environment.d/envvars.conf"

  tasks:
    - name: Ensure 'keychain' is installed
      become: true
      community.general.pacman:
        name: keychain
        state: present

    - name: Ensure a 'ssh-askpass' application is installed
      become: true
      community.general.pacman:
        name: "{{ ssh_askpass_provider }}"
        state: present

    - name: Configure user ssh settings
      ansible.builtin.lineinfile:
        path: "{{ ssh_config }}"
        mode: "0644"
        create: true
        line: AddKeysToAgent yes

    - name: Enable ssh-agent service
      ansible.builtin.systemd:
        name: ssh-agent.service
        state: started
        enabled: true
        scope: user

    - name: Add contents to ssh-add.desktop file
      ansible.builtin.blockinfile:
        path: "{{ ssh_add_desktop_path }}"
        create: true
        mode: "0640"
        state: present
        marker: "# {mark} ANSIBLE MANAGED BLOCK"
        block: |
          [Desktop Entry]
          Exec=zsh --extendedglob -c 'SSH_ASKPASS="/usr/bin/ksshaskpass" SSH_ASKPASS_REQUIRE=prefer ssh-add -q ~/.ssh/id^*.pub < /dev/null'
          Name=ssh-add
          Type=Application

    - name: Link ssh add desktop file to autostart
      when: freedesktop_secret_service == 'kwallet'
      ansible.builtin.file:
        src: "{{ ssh_add_desktop_path }}"
        dest: "{{ ssh_autostart_entry }}"
        state: link

    - name: Export required environment variables
      # https://wiki.archlinux.org/title/SSH_keys#Start_ssh-agent_with_systemd_user
      ansible.builtin.lineinfile:
        path: "{{ systemd_user_envvars }}"
        mode: "0640"
        state: present
        create: true
        line: "{{ item }}"
      loop:
        - "SSH_AUTH_SOCK=$XDG_RUNTIME_DIR/ssh-agent.socket"
        - "SSH_ASKPASS='{{ ssh_askpass_bin }}'"
        - "SSH_ASKPASS_REQUIRE=prefer"

    - name: Export required environment variables to zprofile
      ansible.builtin.lineinfile:
        path: "{{ home }}/.zprofile"
        mode: "0640"
        state: present
        line: "{{ item }}"
      loop:
        - "export SSH_AUTH_SOCK=$XDG_RUNTIME_DIR/ssh-agent.socket"
        - "export SSH_ASKPASS='{{ ssh_askpass_bin }}'"
        - "export SSH_ASKPASS_REQUIRE=prefer"
