---
- hosts: all
  gather_facts: false

  vars:
    home: "{{ lookup('env', 'HOME') }}"
    systemd_user_dir: "{{ home }}/.config/systemd/user"
    ssh_unlock_script: "/etc/profile.d/ssh_unlock.sh"
    ssh_config: "{{ home }}/.ssh/config"
    ssh_agent_service: "{{ systemd_user_dir }}/ssh-agent.service"
    ssh_add_desktop_filename: ssh-add.desktop
    ssh_add_desktop_path: "{{ home }}/.local/share/applications/{{ ssh_add_desktop_filename }}"
    ssh_autostart_entry: "{{ home }}/.config/autostart/{{ ssh_add_desktop_filename }}"
    ssh_askpass_envvar_conf: "{{ home }}/.config/environment.d/10-sshaskpass.conf"

  tasks:
    - name: Ensure 'keychain' is installed
      become: true
      community.general.pacman:
        name: keychain
        state: present

    - name: Ensure 'x11-ssh-askpass' is installed
      become: true
      community.general.pacman:
        name: x11-ssh-askpass
        state: present


    - name: Export SSH_AUTH_SOCK environment variable
      become: true
      ansible.builtin.blockinfile:
        path: "{{ ssh_unlock_script }}"
        mode: 0644
        create: true
        marker: "# {mark} ANSIBLE MANAGED BLOCK"
        block: |
          # https://wiki.archlinux.org/title/SSH_keys#Start_ssh-agent_with_systemd_user
          export SSH_AUTH_SOCK="$XDG_RUNTIME_DIR/ssh-agent.socket"

    - name: Configure user ssh settings
      ansible.builtin.lineinfile:
        path: "{{ ssh_config }}"
        mode: 0644
        create: true
        line: AddKeysToAgent yes

    - name: Ensure systemd user directory exists
      ansible.builtin.file:
        path: "{{ systemd_user_dir }}"
        mode: 0750
        state: directory

    - name: Add ssh-agent as systemd user service
      ansible.builtin.template:
        src: ../templates/ssh-agent.service.j2
        dest: "{{ ssh_agent_service }}"
        mode: 0644

    - name: Enable ssh-agent service
      ansible.builtin.systemd:
        name: ssh-agent.service
        state: started
        enabled: true
        scope: user

    - name: Add contents to ssh-add.desktop file
      ansible.builtin.blockinfile:
        path: "{{ ssh_add_desktop_path }}"
        create: true
        mode: 0640
        state: present
        marker: "# {mark} ANSIBLE MANAGED BLOCK"
        block: |
          [Desktop Entry]
          Exec=env SSH_ASKPASS='/usr/bin/ksshaskpass' zsh --extendedglob -c 'ssh-add -q ~/.ssh/id^*.pub < /dev/null'
          Name=ssh-add
          Type=Application

    - name: Link ssh add desktop file to autostart
      ansible.builtin.file:
        src: "{{ ssh_add_desktop_path }}"
        dest: "{{ ssh_autostart_entry }}"
        state: link

    - name: Export SSH_ASKPASS environment variable
      ansible.builtin.blockinfile:
        path: "{{ ssh_askpass_envvar_conf }}"
        mode: 0640
        state: present
        create: true
        marker: "# {mark} ANSIBLE MANAGED BLOCK"
        block: |
          SSH_ASKPASS='/usr/bin/ksshaskpass'
          SSH_ASKPASS_REQUIRE=prefer
